// !$*UTF8*$!
{
	archiveVersion = 1;
	classes = {
	};
	objectVersion = 50;
	objects = {

/* Begin PBXBuildFile section */
		876BA66621407DAA00838A92 /* AppDelegate.swift in Sources */ = {isa = PBXBuildFile; fileRef = 876BA66521407DAA00838A92 /* AppDelegate.swift */; };
		876BA66B21407DAA00838A92 /* Main.storyboard in Resources */ = {isa = PBXBuildFile; fileRef = 876BA66921407DAA00838A92 /* Main.storyboard */; };
		876BA66D21407DAA00838A92 /* Assets.xcassets in Resources */ = {isa = PBXBuildFile; fileRef = 876BA66C21407DAA00838A92 /* Assets.xcassets */; };
		876BA67021407DAA00838A92 /* LaunchScreen.storyboard in Resources */ = {isa = PBXBuildFile; fileRef = 876BA66E21407DAA00838A92 /* LaunchScreen.storyboard */; };
		87F832302141997B0095A233 /* Reason.swift in Sources */ = {isa = PBXBuildFile; fileRef = 87F8322F2141997B0095A233 /* Reason.swift */; };
		87F832322141A3FE0095A233 /* PostController.swift in Sources */ = {isa = PBXBuildFile; fileRef = 87F832312141A3FE0095A233 /* PostController.swift */; };
		87F832342141C5FC0095A233 /* PostListTableViewController.swift in Sources */ = {isa = PBXBuildFile; fileRef = 87F832332141C5FC0095A233 /* PostListTableViewController.swift */; };
		87F832362141C62A0095A233 /* PostTableViewCell.swift in Sources */ = {isa = PBXBuildFile; fileRef = 87F832352141C62A0095A233 /* PostTableViewCell.swift */; };
/* End PBXBuildFile section */

/* Begin PBXFileReference section */
		876BA66221407DAA00838A92 /* WhyiOS.app */ = {isa = PBXFileReference; explicitFileType = wrapper.application; includeInIndex = 0; path = WhyiOS.app; sourceTree = BUILT_PRODUCTS_DIR; };
		876BA66521407DAA00838A92 /* AppDelegate.swift */ = {isa = PBXFileReference; lastKnownFileType = sourcecode.swift; path = AppDelegate.swift; sourceTree = "<group>"; };
		876BA66A21407DAA00838A92 /* Base */ = {isa = PBXFileReference; lastKnownFileType = file.storyboard; name = Base; path = Base.lproj/Main.storyboard; sourceTree = "<group>"; };
		876BA66C21407DAA00838A92 /* Assets.xcassets */ = {isa = PBXFileReference; lastKnownFileType = folder.assetcatalog; path = Assets.xcassets; sourceTree = "<group>"; };
		876BA66F21407DAA00838A92 /* Base */ = {isa = PBXFileReference; lastKnownFileType = file.storyboard; name = Base; path = Base.lproj/LaunchScreen.storyboard; sourceTree = "<group>"; };
		876BA67121407DAA00838A92 /* Info.plist */ = {isa = PBXFileReference; lastKnownFileType = text.plist.xml; path = Info.plist; sourceTree = "<group>"; };
		87F8322F2141997B0095A233 /* Reason.swift */ = {isa = PBXFileReference; lastKnownFileType = sourcecode.swift; path = Reason.swift; sourceTree = "<group>"; };
		87F832312141A3FE0095A233 /* PostController.swift */ = {isa = PBXFileReference; lastKnownFileType = sourcecode.swift; path = PostController.swift; sourceTree = "<group>"; };
		87F832332141C5FC0095A233 /* PostListTableViewController.swift */ = {isa = PBXFileReference; lastKnownFileType = sourcecode.swift; path = PostListTableViewController.swift; sourceTree = "<group>"; };
		87F832352141C62A0095A233 /* PostTableViewCell.swift */ = {isa = PBXFileReference; lastKnownFileType = sourcecode.swift; path = PostTableViewCell.swift; sourceTree = "<group>"; };
/* End PBXFileReference section */

/* Begin PBXFrameworksBuildPhase section */
		876BA65F21407DAA00838A92 /* Frameworks */ = {
			isa = PBXFrameworksBuildPhase;
			buildActionMask = 2147483647;
			files = (
			);
			runOnlyForDeploymentPostprocessing = 0;
		};
/* End PBXFrameworksBuildPhase section */

/* Begin PBXGroup section */
		876BA65921407DAA00838A92 = {
			isa = PBXGroup;
			children = (
				876BA66421407DAA00838A92 /* WhyiOS */,
				876BA66321407DAA00838A92 /* Products */,
			);
			sourceTree = "<group>";
		};
		876BA66321407DAA00838A92 /* Products */ = {
			isa = PBXGroup;
			children = (
				876BA66221407DAA00838A92 /* WhyiOS.app */,
			);
			name = Products;
			sourceTree = "<group>";
		};
		876BA66421407DAA00838A92 /* WhyiOS */ = {
			isa = PBXGroup;
			children = (
				87F832372141C6330095A233 /* View */,
				876BA67B21407DC300838A92 /* Model */,
				876BA67A21407DBE00838A92 /* Model Controller */,
				876BA67921407DB900838A92 /* View Controller */,
				876BA67821407DB600838A92 /* UI */,
				876BA67721407DB000838A92 /* Resources */,
			);
			path = WhyiOS;
			sourceTree = "<group>";
		};
		876BA67721407DB000838A92 /* Resources */ = {
			isa = PBXGroup;
			children = (
				876BA66521407DAA00838A92 /* AppDelegate.swift */,
				876BA66C21407DAA00838A92 /* Assets.xcassets */,
				876BA66E21407DAA00838A92 /* LaunchScreen.storyboard */,
				876BA67121407DAA00838A92 /* Info.plist */,
			);
			path = Resources;
			sourceTree = "<group>";
		};
		876BA67821407DB600838A92 /* UI */ = {
			isa = PBXGroup;
			children = (
				876BA66921407DAA00838A92 /* Main.storyboard */,
			);
			path = UI;
			sourceTree = "<group>";
		};
		876BA67921407DB900838A92 /* View Controller */ = {
			isa = PBXGroup;
			children = (
				87F832332141C5FC0095A233 /* PostListTableViewController.swift */,
			);
			path = "View Controller";
			sourceTree = "<group>";
		};
		876BA67A21407DBE00838A92 /* Model Controller */ = {
			isa = PBXGroup;
			children = (
				87F832312141A3FE0095A233 /* PostController.swift */,
			);
			path = "Model Controller";
			sourceTree = "<group>";
		};
		876BA67B21407DC300838A92 /* Model */ = {
			isa = PBXGroup;
			children = (
				87F8322F2141997B0095A233 /* Reason.swift */,
			);
			path = Model;
			sourceTree = "<group>";
		};
		87F832372141C6330095A233 /* View */ = {
			isa = PBXGroup;
			children = (
				87F832352141C62A0095A233 /* PostTableViewCell.swift */,
			);
			path = View;
			sourceTree = "<group>";
		};
/* End PBXGroup section */

/* Begin PBXNativeTarget section */
		876BA66121407DAA00838A92 /* WhyiOS */ = {
			isa = PBXNativeTarget;
			buildConfigurationList = 876BA67421407DAA00838A92 /* Build configuration list for PBXNativeTarget "WhyiOS" */;
			buildPhases = (
				876BA65E21407DAA00838A92 /* Sources */,
				876BA65F21407DAA00838A92 /* Frameworks */,
				876BA66021407DAA00838A92 /* Resources */,
			);
			buildRules = (
			);
			dependencies = (
			);
			name = WhyiOS;
			productName = WhyiOS;
			productReference = 876BA66221407DAA00838A92 /* WhyiOS.app */;
			productType = "com.apple.product-type.application";
		};
/* End PBXNativeTarget section */

/* Begin PBXProject section */
		876BA65A21407DAA00838A92 /* Project object */ = {
			isa = PBXProject;
			attributes = {
				LastSwiftUpdateCheck = 0940;
				LastUpgradeCheck = 0940;
				ORGANIZATIONNAME = "John Tate";
				TargetAttributes = {
					876BA66121407DAA00838A92 = {
						CreatedOnToolsVersion = 9.4.1;
					};
				};
			};
			buildConfigurationList = 876BA65D21407DAA00838A92 /* Build configuration list for PBXProject "WhyiOS" */;
			compatibilityVersion = "Xcode 9.3";
			developmentRegion = en;
			hasScannedForEncodings = 0;
			knownRegions = (
				en,
				Base,
			);
			mainGroup = 876BA65921407DAA00838A92;
			productRefGroup = 876BA66321407DAA00838A92 /* Products */;
			projectDirPath = "";
			projectRoot = "";
			targets = (
				876BA66121407DAA00838A92 /* WhyiOS */,
			);
		};
/* End PBXProject section */

/* Begin PBXResourcesBuildPhase section */
		876BA66021407DAA00838A92 /* Resources */ = {
			isa = PBXResourcesBuildPhase;
			buildActionMask = 2147483647;
			files = (
				876BA67021407DAA00838A92 /* LaunchScreen.storyboard in Resources */,
				876BA66D21407DAA00838A92 /* Assets.xcassets in Resources */,
				876BA66B21407DAA00838A92 /* Main.storyboard in Resources */,
			);
			runOnlyForDeploymentPostprocessing = 0;
		};
/* End PBXResourcesBuildPhase section */

/* Begin PBXSourcesBuildPhase section */
		876BA65E21407DAA00838A92 /* Sources */ = {
			isa = PBXSourcesBuildPhase;
			buildActionMask = 2147483647;
			files = (
				87F832302141997B0095A233 /* Reason.swift in Sources */,
				876BA66621407DAA00838A92 /* AppDelegate.swift in Sources */,
				87F832362141C62A0095A233 /* PostTableViewCell.swift in Sources */,
				87F832322141A3FE0095A233 /* PostController.swift in Sources */,
				87F832342141C5FC0095A233 /* PostListTableViewController.swift in Sources */,
			);
			runOnlyForDeploymentPostprocessing = 0;
		};
/* End PBXSourcesBuildPhase section */

/* Begin PBXVariantGroup section */
		876BA66921407DAA00838A92 /* Main.storyboard */ = {
			isa = PBXVariantGroup;
			children = (
				876BA66A21407DAA00838A92 /* Base */,
			);
			name = Main.storyboard;
			sourceTree = "<group>";
		};
		876BA66E21407DAA00838A92 /* LaunchScreen.storyboard */ = {
			isa = PBXVariantGroup;
			children = (
				876BA66F21407DAA00838A92 /* Base */,
			);
			name = LaunchScreen.storyboard;
			sourceTree = "<group>";
		};
/* End PBXVariantGroup section */

/* Begin XCBuildConfiguration section */
		876BA67221407DAA00838A92 /* Debug */ = {
			isa = XCBuildConfiguration;
			buildSettings = {
				ALWAYS_SEARCH_USER_PATHS = NO;
				CLANG_ANALYZER_NONNULL = YES;
				CLANG_ANALYZER_NUMBER_OBJECT_CONVERSION = YES_AGGRESSIVE;
				CLANG_CXX_LANGUAGE_STANDARD = "gnu++14";
				CLANG_CXX_LIBRARY = "libc++";
				CLANG_ENABLE_MODULES = YES;
				CLANG_ENABLE_OBJC_ARC = YES;
				CLANG_ENABLE_OBJC_WEAK = YES;
				CLANG_WARN_BLOCK_CAPTURE_AUTORELEASING = YES;
				CLANG_WARN_BOOL_CONVERSION = YES;
				CLANG_WARN_COMMA = YES;
				CLANG_WARN_CONSTANT_CONVERSION = YES;
				CLANG_WARN_DEPRECATED_OBJC_IMPLEMENTATIONS = YES;
				CLANG_WARN_DIRECT_OBJC_ISA_USAGE = YES_ERROR;
				CLANG_WARN_DOCUMENTATION_COMMENTS = YES;
				CLANG_WARN_EMPTY_BODY = YES;
				CLANG_WARN_ENUM_CONVERSION = YES;
				CLANG_WARN_INFINITE_RECURSION = YES;
				CLANG_WARN_INT_CONVERSION = YES;
				CLANG_WARN_NON_LITERAL_NULL_CONVERSION = YES;
				CLANG_WARN_OBJC_IMPLICIT_RETAIN_SELF = YES;
				CLANG_WARN_OBJC_LITERAL_CONVERSION = YES;
				CLANG_WARN_OBJC_ROOT_CLASS = YES_ERROR;
				CLANG_WARN_RANGE_LOOP_ANALYSIS = YES;
				CLANG_WARN_STRICT_PROTOTYPES = YES;
				CLANG_WARN_SUSPICIOUS_MOVE = YES;
				CLANG_WARN_UNGUARDED_AVAILABILITY = YES_AGGRESSIVE;
				CLANG_WARN_UNREACHABLE_CODE = YES;
				CLANG_WARN__DUPLICATE_METHOD_MATCH = YES;
				CODE_SIGN_IDENTITY = "iPhone Developer";
				COPY_PHASE_STRIP = NO;
				DEBUG_INFORMATION_FORMAT = dwarf;
				ENABLE_STRICT_OBJC_MSGSEND = YES;
				ENABLE_TESTABILITY = YES;
				GCC_C_LANGUAGE_STANDARD = gnu11;
				GCC_DYNAMIC_NO_PIC = NO;
				GCC_NO_COMMON_BLOCKS = YES;
				GCC_OPTIMIZATION_LEVEL = 0;
				GCC_PREPROCESSOR_DEFINITIONS = (
					"DEBUG=1",
					"$(inherited)",
				);
				GCC_WARN_64_TO_32_BIT_CONVERSION = YES;
				GCC_WARN_ABOUT_RETURN_TYPE = YES_ERROR;
				GCC_WARN_UNDECLARED_SELECTOR = YES;
				GCC_WARN_UNINITIALIZED_AUTOS = YES_AGGRESSIVE;
				GCC_WARN_UNUSED_FUNCTION = YES;
				GCC_WARN_UNUSED_VARIABLE = YES;
				IPHONEOS_DEPLOYMENT_TARGET = 11.4;
				MTL_ENABLE_DEBUG_INFO = YES;
				ONLY_ACTIVE_ARCH = YES;
				SDKROOT = iphoneos;
				SWIFT_ACTIVE_COMPILATION_CONDITIONS = DEBUG;
				SWIFT_OPTIMIZATION_LEVEL = "-Onone";
			};
			name = Debug;
		};
		876BA67321407DAA00838A92 /* Release */ = {
			isa = XCBuildConfiguration;
			buildSettings = {
				ALWAYS_SEARCH_USER_PATHS = NO;
				CLANG_ANALYZER_NONNULL = YES;
				CLANG_ANALYZER_NUMBER_OBJECT_CONVERSION = YES_AGGRESSIVE;
				CLANG_CXX_LANGUAGE_STANDARD = "gnu++14";
				CLANG_CXX_LIBRARY = "libc++";
				CLANG_ENABLE_MODULES = YES;
				CLANG_ENABLE_OBJC_ARC = YES;
				CLANG_ENABLE_OBJC_WEAK = YES;
				CLANG_WARN_BLOCK_CAPTURE_AUTORELEASING = YES;
				CLANG_WARN_BOOL_CONVERSION = YES;
				CLANG_WARN_COMMA = YES;
				CLANG_WARN_CONSTANT_CONVERSION = YES;
				CLANG_WARN_DEPRECATED_OBJC_IMPLEMENTATIONS = YES;
				CLANG_WARN_DIRECT_OBJC_ISA_USAGE = YES_ERROR;
				CLANG_WARN_DOCUMENTATION_COMMENTS = YES;
				CLANG_WARN_EMPTY_BODY = YES;
				CLANG_WARN_ENUM_CONVERSION = YES;
				CLANG_WARN_INFINITE_RECURSION = YES;
				CLANG_WARN_INT_CONVERSION = YES;
				CLANG_WARN_NON_LITERAL_NULL_CONVERSION = YES;
				CLANG_WARN_OBJC_IMPLICIT_RETAIN_SELF = YES;
				CLANG_WARN_OBJC_LITERAL_CONVERSION = YES;
				CLANG_WARN_OBJC_ROOT_CLASS = YES_ERROR;
				CLANG_WARN_RANGE_LOOP_ANALYSIS = YES;
				CLANG_WARN_STRICT_PROTOTYPES = YES;
				CLANG_WARN_SUSPICIOUS_MOVE = YES;
				CLANG_WARN_UNGUARDED_AVAILABILITY = YES_AGGRESSIVE;
				CLANG_WARN_UNREACHABLE_CODE = YES;
				CLANG_WARN__DUPLICATE_METHOD_MATCH = YES;
				CODE_SIGN_IDENTITY = "iPhone Developer";
				COPY_PHASE_STRIP = NO;
				DEBUG_INFORMATION_FORMAT = "dwarf-with-dsym";
				ENABLE_NS_ASSERTIONS = NO;
				ENABLE_STRICT_OBJC_MSGSEND = YES;
				GCC_C_LANGUAGE_STANDARD = gnu11;
				GCC_NO_COMMON_BLOCKS = YES;
				GCC_WARN_64_TO_32_BIT_CONVERSION = YES;
				GCC_WARN_ABOUT_RETURN_TYPE = YES_ERROR;
				GCC_WARN_UNDECLARED_SELECTOR = YES;
				GCC_WARN_UNINITIALIZED_AUTOS = YES_AGGRESSIVE;
				GCC_WARN_UNUSED_FUNCTION = YES;
				GCC_WARN_UNUSED_VARIABLE = YES;
				IPHONEOS_DEPLOYMENT_TARGET = 11.4;
				MTL_ENABLE_DEBUG_INFO = NO;
				SDKROOT = iphoneos;
				SWIFT_COMPILATION_MODE = wholemodule;
				SWIFT_OPTIMIZATION_LEVEL = "-O";
				VALIDATE_PRODUCT = YES;
			};
			name = Release;
		};
		876BA67521407DAA00838A92 /* Debug */ = {
			isa = XCBuildConfiguration;
			buildSettings = {
				ASSETCATALOG_COMPILER_APPICON_NAME = AppIcon;
				CODE_SIGN_STYLE = Automatic;
				DEVELOPMENT_TEAM = 74SYWHWN72;
				INFOPLIST_FILE = "$(SRCROOT)/WhyiOS/Resources/Info.plist";
				LD_RUNPATH_SEARCH_PATHS = (
					"$(inherited)",
					"@executable_path/Frameworks",
				);
				PRODUCT_BUNDLE_IDENTIFIER = com.example.WhyiOS;
				PRODUCT_NAME = "$(TARGET_NAME)";
				SWIFT_VERSION = 4.0;
				TARGETED_DEVICE_FAMILY = "1,2";
			};
			name = Debug;
		};
		876BA67621407DAA00838A92 /* Release */ = {
			isa = XCBuildConfiguration;
			buildSettings = {
				ASSETCATALOG_COMPILER_APPICON_NAME = AppIcon;
				CODE_SIGN_STYLE = Automatic;
				DEVELOPMENT_TEAM = 74SYWHWN72;
				INFOPLIST_FILE = "$(SRCROOT)/WhyiOS/Resources/Info.plist";
				LD_RUNPATH_SEARCH_PATHS = (
					"$(inherited)",
					"@executable_path/Frameworks",
				);
				PRODUCT_BUNDLE_IDENTIFIER = com.example.WhyiOS;
				PRODUCT_NAME = "$(TARGET_NAME)";
				SWIFT_VERSION = 4.0;
				TARGETED_DEVICE_FAMILY = "1,2";
			};
			name = Release;
		};
/* End XCBuildConfiguration section */

/* Begin XCConfigurationList section */
		876BA65D21407DAA00838A92 /* Build configuration list for PBXProject "WhyiOS" */ = {
			isa = XCConfigurationList;
			buildConfigurations = (
				876BA67221407DAA00838A92 /* Debug */,
				876BA67321407DAA00838A92 /* Release */,
			);
			defaultConfigurationIsVisible = 0;
			defaultConfigurationName = Release;
		};
		876BA67421407DAA00838A92 /* Build configuration list for PBXNativeTarget "WhyiOS" */ = {
			isa = XCConfigurationList;
			buildConfigurations = (
				876BA67521407DAA00838A92 /* Debug */,
				876BA67621407DAA00838A92 /* Release */,
			);
			defaultConfigurationIsVisible = 0;
			defaultConfigurationName = Release;
		};
/* End XCConfigurationList section */
	};
	rootObject = 876BA65A21407DAA00838A92 /* Project object */;
}
